
Microsoft Visual Studio Solution File, Format Version 12.00
Project("{2150E333-8FDC-42A3-9474-1A3956D46DE8}") = "1. Application", "1. Application", "{4D906D63-8704-470A-B3BF-64A314A8B1A3}"
EndProject
Project("{FAE04EC0-301F-11D3-BF4B-00C04F79EFBC}") = "NVs.Budget.Domain", "Domain\NVs.Budget.Domain\NVs.Budget.Domain.csproj", "{A757A6B7-3317-493A-B9CB-DA97CCCA6A7C}"
EndProject
Project("{FAE04EC0-301F-11D3-BF4B-00C04F79EFBC}") = "NVs.Budget.Domain.Tests", "Domain\NVs.Budget.Domain.Tests\NVs.Budget.Domain.Tests.csproj", "{923B5464-1067-433F-9DD2-38183F146C83}"
EndProject
Project("{FAE04EC0-301F-11D3-BF4B-00C04F79EFBC}") = "NVs.Budget.Application", "Application\NVs.Budget.Application\NVs.Budget.Application.csproj", "{58BB6059-CF8B-4C15-B763-62B8D77F01C7}"
EndProject
Project("{FAE04EC0-301F-11D3-BF4B-00C04F79EFBC}") = "NVs.Budget.Application.Tests", "Application\NVs.Budget.Application.Tests\NVs.Budget.Application.Tests.csproj", "{FB25F31F-C6D4-4A28-94A1-06E859713387}"
EndProject
Project("{2150E333-8FDC-42A3-9474-1A3956D46DE8}") = "5. Utilities", "5. Utilities", "{52A892E9-EDF9-4297-9447-58C343C4EAF4}"
EndProject
Project("{FAE04EC0-301F-11D3-BF4B-00C04F79EFBC}") = "NVs.Budget.Utilities.Testing", "Utilities\NVs.Budget.Utilities.Testing\NVs.Budget.Utilities.Testing.csproj", "{74A76BDE-3BE1-40A8-A8BA-C4CD9716DBBF}"
EndProject
Project("{FAE04EC0-301F-11D3-BF4B-00C04F79EFBC}") = "NVs.Budget.Utilities.Expressions", "Utilities\NVs.Budget.Utilities.Expressions\NVs.Budget.Utilities.Expressions.csproj", "{DFAB3D6A-026F-4A5C-B845-CB8CEC6CE9DC}"
EndProject
Project("{2150E333-8FDC-42A3-9474-1A3956D46DE8}") = "2. Infrastructure", "2. Infrastructure", "{BBC78D28-4FE0-4044-8540-5E026D8BACB9}"
EndProject
Project("{FAE04EC0-301F-11D3-BF4B-00C04F79EFBC}") = "NVs.Budget.Infrastructure.Persistence.EF", "Infrastructure\NVs.Budget.Infrastructure.Persistence.EF\NVs.Budget.Infrastructure.Persistence.EF.csproj", "{8BE1189F-A57A-4904-B167-675F3E4EBA3E}"
EndProject
Project("{FAE04EC0-301F-11D3-BF4B-00C04F79EFBC}") = "NVs.Budget.Infrastructure.Persistence.EF.Tests", "Infrastructure\NVs.Budget.Infrastructure.Persistence.EF.Tests\NVs.Budget.Infrastructure.Persistence.EF.Tests.csproj", "{C955D374-83C1-43CC-9778-5A58EFFCF949}"
EndProject
Project("{FAE04EC0-301F-11D3-BF4B-00C04F79EFBC}") = "NVs.Budget.Application.Contracts", "Application\NVs.Budget.Application.Contracts\NVs.Budget.Application.Contracts.csproj", "{68893284-DE40-4B39-A8EE-ED851DC5116B}"
EndProject
Project("{FAE04EC0-301F-11D3-BF4B-00C04F79EFBC}") = "NVs.Budget.Infrastructure.Persistence.Contracts", "Application\NVs.Budget.Infrastructure.Persistence.Contracts\NVs.Budget.Infrastructure.Persistence.Contracts.csproj", "{8CD10A15-F1DD-40EC-87F4-9983ED589B07}"
EndProject
Project("{2150E333-8FDC-42A3-9474-1A3956D46DE8}") = "0. Domain", "0. Domain", "{DBF42B89-D4A0-4968-8C98-1ED3283B4188}"
EndProject
Project("{FAE04EC0-301F-11D3-BF4B-00C04F79EFBC}") = "NVs.Budget.Infrastructure.ExchangeRates.Contracts", "NVs.Budget.Infrastructure.ExchangeRates.Contracts\NVs.Budget.Infrastructure.ExchangeRates.Contracts.csproj", "{5A6CE7F3-C7E2-4DA4-BDE8-2BBFDE4A9B22}"
EndProject
Project("{FAE04EC0-301F-11D3-BF4B-00C04F79EFBC}") = "NVs.Budget.Infrastructure.ExchangeRates.CBRF", "Infrastructure\NVs.Budget.Infrastructure.ExchangeRates.CBRF\NVs.Budget.Infrastructure.ExchangeRates.CBRF.csproj", "{0DE2237D-B132-4B17-AC5A-CDDF04F5C95E}"
EndProject
Project("{FAE04EC0-301F-11D3-BF4B-00C04F79EFBC}") = "NVs.Budget.Infrastructure.Identity.Contracts", "Application\NVs.Budget.Infrastructure.Identity.Contracts\NVs.Budget.Infrastructure.Identity.Contracts.csproj", "{6B594AB9-45F8-4FA6-998A-C03C3E099429}"
EndProject
Project("{2150E333-8FDC-42A3-9474-1A3956D46DE8}") = "3. Controllers", "3. Controllers", "{8FBC3B88-0C56-4282-BBF3-607292E95F91}"
EndProject
Project("{FAE04EC0-301F-11D3-BF4B-00C04F79EFBC}") = "NVs.Budget.Infrastructure.Identity.Console", "Infrastructure\NVs.Budget.Infrastructure.Identity.Console\NVs.Budget.Infrastructure.Identity.Console.csproj", "{34D1CB73-E049-436A-97AD-E7329DEDF219}"
EndProject
Project("{FAE04EC0-301F-11D3-BF4B-00C04F79EFBC}") = "NVs.Budget.Controllers.Console", "Controllers\NVs.Budget.Controllers.Console\NVs.Budget.Controllers.Console.csproj", "{58C9DA84-921C-4749-9B6A-BC597B87EC77}"
EndProject
Project("{2150E333-8FDC-42A3-9474-1A3956D46DE8}") = "InfrasturctureContracts", "InfrasturctureContracts", "{68B96F7C-5FBE-46BF-B40C-95CDC2DDC72E}"
EndProject
Project("{FAE04EC0-301F-11D3-BF4B-00C04F79EFBC}") = "NVs.Budget.Application.UseCases", "Application\NVs.Budget.Application.UseCases\NVs.Budget.Application.UseCases.csproj", "{AE89B9CE-525A-4C62-84D7-E546E78BA4E2}"
EndProject
Project("{2150E333-8FDC-42A3-9474-1A3956D46DE8}") = "4. Hosts", "4. Hosts", "{ABCBF4A8-F237-4243-9A07-27D6B361CCCB}"
	ProjectSection(SolutionItems) = preProject
		Hosts\docker-compose.yml = Hosts\docker-compose.yml
	EndProjectSection
EndProject
Project("{FAE04EC0-301F-11D3-BF4B-00C04F79EFBC}") = "NVs.Budget.Hosts.Console", "Hosts\NVs.Budget.Hosts.Console\NVs.Budget.Hosts.Console.csproj", "{1DD67B12-0D3F-4CB6-9096-FCB1C341CB76}"
EndProject
Project("{FAE04EC0-301F-11D3-BF4B-00C04F79EFBC}") = "NVs.Budget.Controllers.Console.Tests", "Controllers\NVs.Budget.Controllers.Console.Tests\NVs.Budget.Controllers.Console.Tests.csproj", "{0043D746-D5F8-482D-BF68-B969FCB5C544}"
EndProject
Project("{FAE04EC0-301F-11D3-BF4B-00C04F79EFBC}") = "NVs.Budget.Utilities.MediatR", "Utilities\NVs.Budget.Utilities.MediatR\NVs.Budget.Utilities.MediatR.csproj", "{0BBD98E3-394D-444B-948C-15D883B1C4EC}"
EndProject
Project("{FAE04EC0-301F-11D3-BF4B-00C04F79EFBC}") = "NVs.Budget.Controllers.Console.Contracts", "NVs.Budget.Controllers.Console.Contracts\NVs.Budget.Controllers.Console.Contracts.csproj", "{E72B5C99-FD5D-406C-9A19-769428D2E1A2}"
EndProject
Global
	GlobalSection(SolutionConfigurationPlatforms) = preSolution
		Debug|Any CPU = Debug|Any CPU
		Release|Any CPU = Release|Any CPU
	EndGlobalSection
	GlobalSection(NestedProjects) = preSolution
		{58BB6059-CF8B-4C15-B763-62B8D77F01C7} = {4D906D63-8704-470A-B3BF-64A314A8B1A3}
		{FB25F31F-C6D4-4A28-94A1-06E859713387} = {4D906D63-8704-470A-B3BF-64A314A8B1A3}
		{74A76BDE-3BE1-40A8-A8BA-C4CD9716DBBF} = {52A892E9-EDF9-4297-9447-58C343C4EAF4}
		{DFAB3D6A-026F-4A5C-B845-CB8CEC6CE9DC} = {52A892E9-EDF9-4297-9447-58C343C4EAF4}
		{8BE1189F-A57A-4904-B167-675F3E4EBA3E} = {BBC78D28-4FE0-4044-8540-5E026D8BACB9}
		{C955D374-83C1-43CC-9778-5A58EFFCF949} = {BBC78D28-4FE0-4044-8540-5E026D8BACB9}
		{68893284-DE40-4B39-A8EE-ED851DC5116B} = {4D906D63-8704-470A-B3BF-64A314A8B1A3}
		{A757A6B7-3317-493A-B9CB-DA97CCCA6A7C} = {DBF42B89-D4A0-4968-8C98-1ED3283B4188}
		{923B5464-1067-433F-9DD2-38183F146C83} = {DBF42B89-D4A0-4968-8C98-1ED3283B4188}
		{0DE2237D-B132-4B17-AC5A-CDDF04F5C95E} = {BBC78D28-4FE0-4044-8540-5E026D8BACB9}
		{34D1CB73-E049-436A-97AD-E7329DEDF219} = {BBC78D28-4FE0-4044-8540-5E026D8BACB9}
		{58C9DA84-921C-4749-9B6A-BC597B87EC77} = {8FBC3B88-0C56-4282-BBF3-607292E95F91}
		{68B96F7C-5FBE-46BF-B40C-95CDC2DDC72E} = {4D906D63-8704-470A-B3BF-64A314A8B1A3}
		{5A6CE7F3-C7E2-4DA4-BDE8-2BBFDE4A9B22} = {68B96F7C-5FBE-46BF-B40C-95CDC2DDC72E}
		{6B594AB9-45F8-4FA6-998A-C03C3E099429} = {68B96F7C-5FBE-46BF-B40C-95CDC2DDC72E}
		{8CD10A15-F1DD-40EC-87F4-9983ED589B07} = {68B96F7C-5FBE-46BF-B40C-95CDC2DDC72E}
		{AE89B9CE-525A-4C62-84D7-E546E78BA4E2} = {4D906D63-8704-470A-B3BF-64A314A8B1A3}
		{1DD67B12-0D3F-4CB6-9096-FCB1C341CB76} = {ABCBF4A8-F237-4243-9A07-27D6B361CCCB}
		{0043D746-D5F8-482D-BF68-B969FCB5C544} = {8FBC3B88-0C56-4282-BBF3-607292E95F91}
		{0BBD98E3-394D-444B-948C-15D883B1C4EC} = {52A892E9-EDF9-4297-9447-58C343C4EAF4}
		{E72B5C99-FD5D-406C-9A19-769428D2E1A2} = {8FBC3B88-0C56-4282-BBF3-607292E95F91}
	EndGlobalSection
	GlobalSection(ProjectConfigurationPlatforms) = postSolution
		{A757A6B7-3317-493A-B9CB-DA97CCCA6A7C}.Debug|Any CPU.ActiveCfg = Debug|Any CPU
		{A757A6B7-3317-493A-B9CB-DA97CCCA6A7C}.Debug|Any CPU.Build.0 = Debug|Any CPU
		{A757A6B7-3317-493A-B9CB-DA97CCCA6A7C}.Release|Any CPU.ActiveCfg = Release|Any CPU
		{A757A6B7-3317-493A-B9CB-DA97CCCA6A7C}.Release|Any CPU.Build.0 = Release|Any CPU
		{923B5464-1067-433F-9DD2-38183F146C83}.Debug|Any CPU.ActiveCfg = Debug|Any CPU
		{923B5464-1067-433F-9DD2-38183F146C83}.Debug|Any CPU.Build.0 = Debug|Any CPU
		{923B5464-1067-433F-9DD2-38183F146C83}.Release|Any CPU.ActiveCfg = Release|Any CPU
		{923B5464-1067-433F-9DD2-38183F146C83}.Release|Any CPU.Build.0 = Release|Any CPU
		{58BB6059-CF8B-4C15-B763-62B8D77F01C7}.Debug|Any CPU.ActiveCfg = Debug|Any CPU
		{58BB6059-CF8B-4C15-B763-62B8D77F01C7}.Debug|Any CPU.Build.0 = Debug|Any CPU
		{58BB6059-CF8B-4C15-B763-62B8D77F01C7}.Release|Any CPU.ActiveCfg = Release|Any CPU
		{58BB6059-CF8B-4C15-B763-62B8D77F01C7}.Release|Any CPU.Build.0 = Release|Any CPU
		{FB25F31F-C6D4-4A28-94A1-06E859713387}.Debug|Any CPU.ActiveCfg = Debug|Any CPU
		{FB25F31F-C6D4-4A28-94A1-06E859713387}.Debug|Any CPU.Build.0 = Debug|Any CPU
		{FB25F31F-C6D4-4A28-94A1-06E859713387}.Release|Any CPU.ActiveCfg = Release|Any CPU
		{FB25F31F-C6D4-4A28-94A1-06E859713387}.Release|Any CPU.Build.0 = Release|Any CPU
		{74A76BDE-3BE1-40A8-A8BA-C4CD9716DBBF}.Debug|Any CPU.ActiveCfg = Debug|Any CPU
		{74A76BDE-3BE1-40A8-A8BA-C4CD9716DBBF}.Debug|Any CPU.Build.0 = Debug|Any CPU
		{74A76BDE-3BE1-40A8-A8BA-C4CD9716DBBF}.Release|Any CPU.ActiveCfg = Release|Any CPU
		{74A76BDE-3BE1-40A8-A8BA-C4CD9716DBBF}.Release|Any CPU.Build.0 = Release|Any CPU
		{DFAB3D6A-026F-4A5C-B845-CB8CEC6CE9DC}.Debug|Any CPU.ActiveCfg = Debug|Any CPU
		{DFAB3D6A-026F-4A5C-B845-CB8CEC6CE9DC}.Debug|Any CPU.Build.0 = Debug|Any CPU
		{DFAB3D6A-026F-4A5C-B845-CB8CEC6CE9DC}.Release|Any CPU.ActiveCfg = Release|Any CPU
		{DFAB3D6A-026F-4A5C-B845-CB8CEC6CE9DC}.Release|Any CPU.Build.0 = Release|Any CPU
		{8BE1189F-A57A-4904-B167-675F3E4EBA3E}.Debug|Any CPU.ActiveCfg = Debug|Any CPU
		{8BE1189F-A57A-4904-B167-675F3E4EBA3E}.Debug|Any CPU.Build.0 = Debug|Any CPU
		{8BE1189F-A57A-4904-B167-675F3E4EBA3E}.Release|Any CPU.ActiveCfg = Release|Any CPU
		{8BE1189F-A57A-4904-B167-675F3E4EBA3E}.Release|Any CPU.Build.0 = Release|Any CPU
		{C955D374-83C1-43CC-9778-5A58EFFCF949}.Debug|Any CPU.ActiveCfg = Debug|Any CPU
		{C955D374-83C1-43CC-9778-5A58EFFCF949}.Debug|Any CPU.Build.0 = Debug|Any CPU
		{C955D374-83C1-43CC-9778-5A58EFFCF949}.Release|Any CPU.ActiveCfg = Release|Any CPU
		{C955D374-83C1-43CC-9778-5A58EFFCF949}.Release|Any CPU.Build.0 = Release|Any CPU
		{68893284-DE40-4B39-A8EE-ED851DC5116B}.Debug|Any CPU.ActiveCfg = Debug|Any CPU
		{68893284-DE40-4B39-A8EE-ED851DC5116B}.Debug|Any CPU.Build.0 = Debug|Any CPU
		{68893284-DE40-4B39-A8EE-ED851DC5116B}.Release|Any CPU.ActiveCfg = Release|Any CPU
		{68893284-DE40-4B39-A8EE-ED851DC5116B}.Release|Any CPU.Build.0 = Release|Any CPU
		{8CD10A15-F1DD-40EC-87F4-9983ED589B07}.Debug|Any CPU.ActiveCfg = Debug|Any CPU
		{8CD10A15-F1DD-40EC-87F4-9983ED589B07}.Debug|Any CPU.Build.0 = Debug|Any CPU
		{8CD10A15-F1DD-40EC-87F4-9983ED589B07}.Release|Any CPU.ActiveCfg = Release|Any CPU
		{8CD10A15-F1DD-40EC-87F4-9983ED589B07}.Release|Any CPU.Build.0 = Release|Any CPU
		{5A6CE7F3-C7E2-4DA4-BDE8-2BBFDE4A9B22}.Debug|Any CPU.ActiveCfg = Debug|Any CPU
		{5A6CE7F3-C7E2-4DA4-BDE8-2BBFDE4A9B22}.Debug|Any CPU.Build.0 = Debug|Any CPU
		{5A6CE7F3-C7E2-4DA4-BDE8-2BBFDE4A9B22}.Release|Any CPU.ActiveCfg = Release|Any CPU
		{5A6CE7F3-C7E2-4DA4-BDE8-2BBFDE4A9B22}.Release|Any CPU.Build.0 = Release|Any CPU
		{0DE2237D-B132-4B17-AC5A-CDDF04F5C95E}.Debug|Any CPU.ActiveCfg = Debug|Any CPU
		{0DE2237D-B132-4B17-AC5A-CDDF04F5C95E}.Debug|Any CPU.Build.0 = Debug|Any CPU
		{0DE2237D-B132-4B17-AC5A-CDDF04F5C95E}.Release|Any CPU.ActiveCfg = Release|Any CPU
		{0DE2237D-B132-4B17-AC5A-CDDF04F5C95E}.Release|Any CPU.Build.0 = Release|Any CPU
		{6B594AB9-45F8-4FA6-998A-C03C3E099429}.Debug|Any CPU.ActiveCfg = Debug|Any CPU
		{6B594AB9-45F8-4FA6-998A-C03C3E099429}.Debug|Any CPU.Build.0 = Debug|Any CPU
		{6B594AB9-45F8-4FA6-998A-C03C3E099429}.Release|Any CPU.ActiveCfg = Release|Any CPU
		{6B594AB9-45F8-4FA6-998A-C03C3E099429}.Release|Any CPU.Build.0 = Release|Any CPU
		{34D1CB73-E049-436A-97AD-E7329DEDF219}.Debug|Any CPU.ActiveCfg = Debug|Any CPU
		{34D1CB73-E049-436A-97AD-E7329DEDF219}.Debug|Any CPU.Build.0 = Debug|Any CPU
		{34D1CB73-E049-436A-97AD-E7329DEDF219}.Release|Any CPU.ActiveCfg = Release|Any CPU
		{34D1CB73-E049-436A-97AD-E7329DEDF219}.Release|Any CPU.Build.0 = Release|Any CPU
		{58C9DA84-921C-4749-9B6A-BC597B87EC77}.Debug|Any CPU.ActiveCfg = Debug|Any CPU
		{58C9DA84-921C-4749-9B6A-BC597B87EC77}.Debug|Any CPU.Build.0 = Debug|Any CPU
		{58C9DA84-921C-4749-9B6A-BC597B87EC77}.Release|Any CPU.ActiveCfg = Release|Any CPU
		{58C9DA84-921C-4749-9B6A-BC597B87EC77}.Release|Any CPU.Build.0 = Release|Any CPU
		{AE89B9CE-525A-4C62-84D7-E546E78BA4E2}.Debug|Any CPU.ActiveCfg = Debug|Any CPU
		{AE89B9CE-525A-4C62-84D7-E546E78BA4E2}.Debug|Any CPU.Build.0 = Debug|Any CPU
		{AE89B9CE-525A-4C62-84D7-E546E78BA4E2}.Release|Any CPU.ActiveCfg = Release|Any CPU
		{AE89B9CE-525A-4C62-84D7-E546E78BA4E2}.Release|Any CPU.Build.0 = Release|Any CPU
		{1DD67B12-0D3F-4CB6-9096-FCB1C341CB76}.Debug|Any CPU.ActiveCfg = Debug|Any CPU
		{1DD67B12-0D3F-4CB6-9096-FCB1C341CB76}.Debug|Any CPU.Build.0 = Debug|Any CPU
		{1DD67B12-0D3F-4CB6-9096-FCB1C341CB76}.Release|Any CPU.ActiveCfg = Release|Any CPU
		{1DD67B12-0D3F-4CB6-9096-FCB1C341CB76}.Release|Any CPU.Build.0 = Release|Any CPU
		{0043D746-D5F8-482D-BF68-B969FCB5C544}.Debug|Any CPU.ActiveCfg = Debug|Any CPU
		{0043D746-D5F8-482D-BF68-B969FCB5C544}.Debug|Any CPU.Build.0 = Debug|Any CPU
		{0043D746-D5F8-482D-BF68-B969FCB5C544}.Release|Any CPU.ActiveCfg = Release|Any CPU
		{0043D746-D5F8-482D-BF68-B969FCB5C544}.Release|Any CPU.Build.0 = Release|Any CPU
		{0BBD98E3-394D-444B-948C-15D883B1C4EC}.Debug|Any CPU.ActiveCfg = Debug|Any CPU
		{0BBD98E3-394D-444B-948C-15D883B1C4EC}.Debug|Any CPU.Build.0 = Debug|Any CPU
		{0BBD98E3-394D-444B-948C-15D883B1C4EC}.Release|Any CPU.ActiveCfg = Release|Any CPU
		{0BBD98E3-394D-444B-948C-15D883B1C4EC}.Release|Any CPU.Build.0 = Release|Any CPU
		{E72B5C99-FD5D-406C-9A19-769428D2E1A2}.Debug|Any CPU.ActiveCfg = Debug|Any CPU
		{E72B5C99-FD5D-406C-9A19-769428D2E1A2}.Debug|Any CPU.Build.0 = Debug|Any CPU
		{E72B5C99-FD5D-406C-9A19-769428D2E1A2}.Release|Any CPU.ActiveCfg = Release|Any CPU
		{E72B5C99-FD5D-406C-9A19-769428D2E1A2}.Release|Any CPU.Build.0 = Release|Any CPU
	EndGlobalSection
EndGlobal
